{
    "_meta": {
        "hash": {
            "sha256": "72af53833f7708d1d83f13da5fa77a469aba71d8b612672f3d8a4f3442dbb4ee"
        },
        "pipfile-spec": 6,
        "requires": {
            "python_version": "3.13"
        },
        "sources": [
            {
                "name": "pypi",
                "url": "https://pypi.org/simple",
                "verify_ssl": true
            }
        ]
    },
    "default": {
        "asgiref": {
            "hashes": [
                "sha256:3e1e3ecc849832fe52ccf2cb6686b7a55f82bb1d6aee72a58826471390335e47",
                "sha256:c343bd80a0bec947a9860adb4c432ffa7db769836c64238fc34bdc3fec84d590"
            ],
            "markers": "python_version >= '3.8'",
            "version": "==3.8.1"
        },
        "django": {
            "hashes": [
                "sha256:8b38a9a12da3ae00cb0ba72da985ec4b14de6345046b1e174b1fd7254398f818",
                "sha256:c0fa0e619c39325a169208caef234f90baa925227032ad3f44842ba14d75234a"
            ],
            "index": "pypi",
            "markers": "python_version >= '3.10'",
            "version": "==5.1.3"
        },
        "django-auditlog": {
            "hashes": [
                "sha256:92db1cf4a51ceca5c26b3ff46997d9e3305a02da1bd435e2efb5b8b6d300ce1f",
                "sha256:9de49f80a4911135d136017123cd73461f869b4947eec14d5e76db4b88182f3f"
            ],
            "index": "pypi",
            "markers": "python_version >= '3.8'",
            "version": "==3.0.0"
        },
        "django-taggit": {
            "hashes": [
                "sha256:ab776264bbc76cb3d7e49e1bf9054962457831bd21c3a42db9138b41956e4cf0",
                "sha256:c4d1199e6df34125dd36db5eb0efe545b254dec3980ce5dd80e6bab3e78757c3"
            ],
            "index": "pypi",
            "markers": "python_version >= '3.8'",
            "version": "==6.1.0"
        },
        "python-dateutil": {
            "hashes": [
                "sha256:37dd54208da7e1cd875388217d5e00ebd4179249f90fb72437e91a35459a0ad3",
                "sha256:a8b2bc7bffae282281c8140a97d3aa9c14da0b136dfe83f850eea9a5f7470427"
            ],
            "markers": "python_version >= '2.7' and python_version not in '3.0, 3.1, 3.2'",
            "version": "==2.9.0.post0"
        },
        "six": {
            "hashes": [
                "sha256:1e61c37477a1626458e36f7b1d82aa5c9b094fa4802892072e49de9c60c4c926",
                "sha256:8abb2f1d86890a2dfb989f9a77cfcfd3e47c2a354b01111771326f8aa26e0254"
            ],
            "markers": "python_version >= '2.7' and python_version not in '3.0, 3.1, 3.2'",
            "version": "==1.16.0"
        },
        "sqlparse": {
            "hashes": [
                "sha256:773dcbf9a5ab44a090f3441e2180efe2560220203dc2f8c0b0fa141e18b505e4",
                "sha256:bb6b4df465655ef332548e24f08e205afc81b9ab86cb1c45657a7ff173a3a00e"
            ],
            "markers": "python_version >= '3.8'",
            "version": "==0.5.1"
        }
    },
    "develop": {}
}
